
Microsoft Visual Studio Solution File, Format Version 12.00
# Visual Studio Version 17
VisualStudioVersion = 17.0.31903.59
MinimumVisualStudioVersion = 10.0.40219.1
Project("{FAE04EC0-301F-11D3-BF4B-00C04F79EFBC}") = "BlogApi", "BlogApi\BlogApi.csproj", "{86F13F7A-B049-4F8C-97CF-83CCA9143CEF}"
EndProject
Project("{FAE04EC0-301F-11D3-BF4B-00C04F79EFBC}") = "BlogApi.Tests", "BlogApi.Tests\BlogApi.Tests.csproj", "{7A6BA95E-1DF6-449C-B6A8-2BE9222E3108}"
EndProject
Global
	GlobalSection(SolutionConfigurationPlatforms) = preSolution
		Debug|Any CPU = Debug|Any CPU
		Debug|x64 = Debug|x64
		Debug|x86 = Debug|x86
		Release|Any CPU = Release|Any CPU
		Release|x64 = Release|x64
		Release|x86 = Release|x86
	EndGlobalSection
	GlobalSection(ProjectConfigurationPlatforms) = postSolution
		{86F13F7A-B049-4F8C-97CF-83CCA9143CEF}.Debug|Any CPU.ActiveCfg = Debug|Any CPU
		{86F13F7A-B049-4F8C-97CF-83CCA9143CEF}.Debug|Any CPU.Build.0 = Debug|Any CPU
		{86F13F7A-B049-4F8C-97CF-83CCA9143CEF}.Debug|x64.ActiveCfg = Debug|Any CPU
		{86F13F7A-B049-4F8C-97CF-83CCA9143CEF}.Debug|x64.Build.0 = Debug|Any CPU
		{86F13F7A-B049-4F8C-97CF-83CCA9143CEF}.Debug|x86.ActiveCfg = Debug|Any CPU
		{86F13F7A-B049-4F8C-97CF-83CCA9143CEF}.Debug|x86.Build.0 = Debug|Any CPU
		{86F13F7A-B049-4F8C-97CF-83CCA9143CEF}.Release|Any CPU.ActiveCfg = Release|Any CPU
		{86F13F7A-B049-4F8C-97CF-83CCA9143CEF}.Release|Any CPU.Build.0 = Release|Any CPU
		{86F13F7A-B049-4F8C-97CF-83CCA9143CEF}.Release|x64.ActiveCfg = Release|Any CPU
		{86F13F7A-B049-4F8C-97CF-83CCA9143CEF}.Release|x64.Build.0 = Release|Any CPU
		{86F13F7A-B049-4F8C-97CF-83CCA9143CEF}.Release|x86.ActiveCfg = Release|Any CPU
		{86F13F7A-B049-4F8C-97CF-83CCA9143CEF}.Release|x86.Build.0 = Release|Any CPU
		{7A6BA95E-1DF6-449C-B6A8-2BE9222E3108}.Debug|Any CPU.ActiveCfg = Debug|Any CPU
		{7A6BA95E-1DF6-449C-B6A8-2BE9222E3108}.Debug|Any CPU.Build.0 = Debug|Any CPU
		{7A6BA95E-1DF6-449C-B6A8-2BE9222E3108}.Debug|x64.ActiveCfg = Debug|Any CPU
		{7A6BA95E-1DF6-449C-B6A8-2BE9222E3108}.Debug|x64.Build.0 = Debug|Any CPU
		{7A6BA95E-1DF6-449C-B6A8-2BE9222E3108}.Debug|x86.ActiveCfg = Debug|Any CPU
		{7A6BA95E-1DF6-449C-B6A8-2BE9222E3108}.Debug|x86.Build.0 = Debug|Any CPU
		{7A6BA95E-1DF6-449C-B6A8-2BE9222E3108}.Release|Any CPU.ActiveCfg = Release|Any CPU
		{7A6BA95E-1DF6-449C-B6A8-2BE9222E3108}.Release|Any CPU.Build.0 = Release|Any CPU
		{7A6BA95E-1DF6-449C-B6A8-2BE9222E3108}.Release|x64.ActiveCfg = Release|Any CPU
		{7A6BA95E-1DF6-449C-B6A8-2BE9222E3108}.Release|x64.Build.0 = Release|Any CPU
		{7A6BA95E-1DF6-449C-B6A8-2BE9222E3108}.Release|x86.ActiveCfg = Release|Any CPU
		{7A6BA95E-1DF6-449C-B6A8-2BE9222E3108}.Release|x86.Build.0 = Release|Any CPU
	EndGlobalSection
	GlobalSection(SolutionProperties) = preSolution
		HideSolutionNode = FALSE
	EndGlobalSection
EndGlobal
