Microsoft Visual Studio Solution File, Format Version 12.00
# Visual Studio Version 17
VisualStudioVersion = 17.5.2.0
MinimumVisualStudioVersion = 10.0.40219.1
Project("{FAE04EC0-301F-11D3-BF4B-00C04F79EFBC}") = "csharpAdvanced", "csharpAdvanced.csproj", "{9FB48690-DE5C-43B0-458C-0A20D883D134}"
EndProject
Global
	GlobalSection(SolutionConfigurationPlatforms) = preSolution
		Debug|Any CPU = Debug|Any CPU
		Release|Any CPU = Release|Any CPU
	EndGlobalSection
	GlobalSection(ProjectConfigurationPlatforms) = postSolution
		{9FB48690-DE5C-43B0-458C-0A20D883D134}.Debug|Any CPU.ActiveCfg = Debug|Any CPU
		{9FB48690-DE5C-43B0-458C-0A20D883D134}.Debug|Any CPU.Build.0 = Debug|Any CPU
		{9FB48690-DE5C-43B0-458C-0A20D883D134}.Release|Any CPU.ActiveCfg = Release|Any CPU
		{9FB48690-DE5C-43B0-458C-0A20D883D134}.Release|Any CPU.Build.0 = Release|Any CPU
	EndGlobalSection
	GlobalSection(SolutionProperties) = preSolution
		HideSolutionNode = FALSE
	EndGlobalSection
	GlobalSection(ExtensibilityGlobals) = postSolution
		SolutionGuid = {E55EBD1D-1760-40DC-9E0A-4FE038660277}
	EndGlobalSection
EndGlobal
